
Microsoft Visual Studio Solution File, Format Version 12.00
# Visual Studio Version 17
VisualStudioVersion = 17.5.33424.131
MinimumVisualStudioVersion = 10.0.40219.1
Project("{FAE04EC0-301F-11D3-BF4B-00C04F79EFBC}") = "KuzminaSA", "KuzminaSA\KuzminaSA.csproj", "{85217775-8379-4789-A0B6-30CD10222BAA}"
EndProject
Global
	GlobalSection(SolutionConfigurationPlatforms) = preSolution
		Debug|Any CPU = Debug|Any CPU
		Release|Any CPU = Release|Any CPU
	EndGlobalSection
	GlobalSection(ProjectConfigurationPlatforms) = postSolution
		{85217775-8379-4789-A0B6-30CD10222BAA}.Debug|Any CPU.ActiveCfg = Debug|Any CPU
		{85217775-8379-4789-A0B6-30CD10222BAA}.Debug|Any CPU.Build.0 = Debug|Any CPU
		{85217775-8379-4789-A0B6-30CD10222BAA}.Release|Any CPU.ActiveCfg = Release|Any CPU
		{85217775-8379-4789-A0B6-30CD10222BAA}.Release|Any CPU.Build.0 = Release|Any CPU
	EndGlobalSection
	GlobalSection(SolutionProperties) = preSolution
		HideSolutionNode = FALSE
	EndGlobalSection
	GlobalSection(ExtensibilityGlobals) = postSolution
		SolutionGuid = {B927AE77-605A-45B6-992F-B73FB8AAB7E9}
	EndGlobalSection
EndGlobal
